
Microsoft Visual Studio Solution File, Format Version 12.00
# Visual Studio 15
VisualStudioVersion = 15.0.28307.329
MinimumVisualStudioVersion = 10.0.40219.1
Project("{9A19103F-16F7-4668-BE54-9A1E7A4F7556}") = "Janacek.Core", "Janacek.Core\Janacek.Core.csproj", "{36F9B523-A1F8-4449-A491-E95C46A26FB2}"
EndProject
Project("{9A19103F-16F7-4668-BE54-9A1E7A4F7556}") = "UnitTests", "UnitTests\UnitTests.csproj", "{53DD9F33-C320-4668-9F05-DC39599C4FA0}"
EndProject
Project("{9A19103F-16F7-4668-BE54-9A1E7A4F7556}") = "Janacek.Channel.Queue", "Janacek.Channel.Queue\Janacek.Channel.Queue.csproj", "{CC0C76D8-C54F-45C3-84C2-6EA2C00BF2DE}"
EndProject
Project("{9A19103F-16F7-4668-BE54-9A1E7A4F7556}") = "CoordinatorV2", "CoordinatorV2\CoordinatorV2.csproj", "{B9CC3F46-42CB-43F1-948F-2D47E1C0094D}"
EndProject
Project("{FAE04EC0-301F-11D3-BF4B-00C04F79EFBC}") = "CoordinatorV2.UnitTests", "CoordinatorV2.UnitTests\CoordinatorV2.UnitTests.csproj", "{EA6410E7-E10E-4B72-B944-35716637E747}"
EndProject
Global
	GlobalSection(SolutionConfigurationPlatforms) = preSolution
		Debug|Any CPU = Debug|Any CPU
		Release|Any CPU = Release|Any CPU
	EndGlobalSection
	GlobalSection(ProjectConfigurationPlatforms) = postSolution
		{36F9B523-A1F8-4449-A491-E95C46A26FB2}.Debug|Any CPU.ActiveCfg = Debug|Any CPU
		{36F9B523-A1F8-4449-A491-E95C46A26FB2}.Debug|Any CPU.Build.0 = Debug|Any CPU
		{36F9B523-A1F8-4449-A491-E95C46A26FB2}.Release|Any CPU.ActiveCfg = Release|Any CPU
		{36F9B523-A1F8-4449-A491-E95C46A26FB2}.Release|Any CPU.Build.0 = Release|Any CPU
		{53DD9F33-C320-4668-9F05-DC39599C4FA0}.Debug|Any CPU.ActiveCfg = Debug|Any CPU
		{53DD9F33-C320-4668-9F05-DC39599C4FA0}.Debug|Any CPU.Build.0 = Debug|Any CPU
		{53DD9F33-C320-4668-9F05-DC39599C4FA0}.Release|Any CPU.ActiveCfg = Release|Any CPU
		{53DD9F33-C320-4668-9F05-DC39599C4FA0}.Release|Any CPU.Build.0 = Release|Any CPU
		{CC0C76D8-C54F-45C3-84C2-6EA2C00BF2DE}.Debug|Any CPU.ActiveCfg = Debug|Any CPU
		{CC0C76D8-C54F-45C3-84C2-6EA2C00BF2DE}.Debug|Any CPU.Build.0 = Debug|Any CPU
		{CC0C76D8-C54F-45C3-84C2-6EA2C00BF2DE}.Release|Any CPU.ActiveCfg = Release|Any CPU
		{CC0C76D8-C54F-45C3-84C2-6EA2C00BF2DE}.Release|Any CPU.Build.0 = Release|Any CPU
		{B9CC3F46-42CB-43F1-948F-2D47E1C0094D}.Debug|Any CPU.ActiveCfg = Debug|Any CPU
		{B9CC3F46-42CB-43F1-948F-2D47E1C0094D}.Debug|Any CPU.Build.0 = Debug|Any CPU
		{B9CC3F46-42CB-43F1-948F-2D47E1C0094D}.Release|Any CPU.ActiveCfg = Release|Any CPU
		{B9CC3F46-42CB-43F1-948F-2D47E1C0094D}.Release|Any CPU.Build.0 = Release|Any CPU
		{EA6410E7-E10E-4B72-B944-35716637E747}.Debug|Any CPU.ActiveCfg = Debug|Any CPU
		{EA6410E7-E10E-4B72-B944-35716637E747}.Debug|Any CPU.Build.0 = Debug|Any CPU
		{EA6410E7-E10E-4B72-B944-35716637E747}.Release|Any CPU.ActiveCfg = Release|Any CPU
		{EA6410E7-E10E-4B72-B944-35716637E747}.Release|Any CPU.Build.0 = Release|Any CPU
	EndGlobalSection
	GlobalSection(SolutionProperties) = preSolution
		HideSolutionNode = FALSE
	EndGlobalSection
	GlobalSection(ExtensibilityGlobals) = postSolution
		SolutionGuid = {ECFD806A-1DC6-41B9-8D2A-44A2A947597A}
	EndGlobalSection
EndGlobal
