
Microsoft Visual Studio Solution File, Format Version 12.00
# Visual Studio 15
VisualStudioVersion = 15.0.28307.329
MinimumVisualStudioVersion = 10.0.40219.1
Project("{9A19103F-16F7-4668-BE54-9A1E7A4F7556}") = "JanacekClient", "JanacekClient\JanacekClient.csproj", "{39073842-2361-4362-822A-7EEED8A2697F}"
EndProject
Project("{9A19103F-16F7-4668-BE54-9A1E7A4F7556}") = "UnitTests", "UnitTests\UnitTests.csproj", "{590F761A-AB8F-4734-84FE-6EF3FE87ECF1}"
EndProject
Project("{9A19103F-16F7-4668-BE54-9A1E7A4F7556}") = "JanacekService", "JanacekService\JanacekService.csproj", "{13734EE7-7EDB-41FD-8DCD-8CEEFD7508DF}"
EndProject
Project("{9A19103F-16F7-4668-BE54-9A1E7A4F7556}") = "ServiceA", "ServiceA\ServiceA.csproj", "{6AB3C639-C78F-495C-9BE9-E1E7A9F70DC2}"
EndProject
Project("{9A19103F-16F7-4668-BE54-9A1E7A4F7556}") = "Client", "Client\Client.csproj", "{CA06EA32-AA41-40AC-9193-2126B1D658EB}"
EndProject
Project("{FAE04EC0-301F-11D3-BF4B-00C04F79EFBC}") = "JanacekCore", "JanacekCore\JanacekCore.csproj", "{2F020496-0C55-4FFB-B19D-7536DE4B9545}"
EndProject
Global
	GlobalSection(SolutionConfigurationPlatforms) = preSolution
		Debug|Any CPU = Debug|Any CPU
		Release|Any CPU = Release|Any CPU
	EndGlobalSection
	GlobalSection(ProjectConfigurationPlatforms) = postSolution
		{39073842-2361-4362-822A-7EEED8A2697F}.Debug|Any CPU.ActiveCfg = Debug|Any CPU
		{39073842-2361-4362-822A-7EEED8A2697F}.Debug|Any CPU.Build.0 = Debug|Any CPU
		{39073842-2361-4362-822A-7EEED8A2697F}.Release|Any CPU.ActiveCfg = Release|Any CPU
		{39073842-2361-4362-822A-7EEED8A2697F}.Release|Any CPU.Build.0 = Release|Any CPU
		{590F761A-AB8F-4734-84FE-6EF3FE87ECF1}.Debug|Any CPU.ActiveCfg = Debug|Any CPU
		{590F761A-AB8F-4734-84FE-6EF3FE87ECF1}.Debug|Any CPU.Build.0 = Debug|Any CPU
		{590F761A-AB8F-4734-84FE-6EF3FE87ECF1}.Release|Any CPU.ActiveCfg = Release|Any CPU
		{590F761A-AB8F-4734-84FE-6EF3FE87ECF1}.Release|Any CPU.Build.0 = Release|Any CPU
		{13734EE7-7EDB-41FD-8DCD-8CEEFD7508DF}.Debug|Any CPU.ActiveCfg = Debug|Any CPU
		{13734EE7-7EDB-41FD-8DCD-8CEEFD7508DF}.Debug|Any CPU.Build.0 = Debug|Any CPU
		{13734EE7-7EDB-41FD-8DCD-8CEEFD7508DF}.Release|Any CPU.ActiveCfg = Release|Any CPU
		{13734EE7-7EDB-41FD-8DCD-8CEEFD7508DF}.Release|Any CPU.Build.0 = Release|Any CPU
		{6AB3C639-C78F-495C-9BE9-E1E7A9F70DC2}.Debug|Any CPU.ActiveCfg = Debug|Any CPU
		{6AB3C639-C78F-495C-9BE9-E1E7A9F70DC2}.Debug|Any CPU.Build.0 = Debug|Any CPU
		{6AB3C639-C78F-495C-9BE9-E1E7A9F70DC2}.Release|Any CPU.ActiveCfg = Release|Any CPU
		{6AB3C639-C78F-495C-9BE9-E1E7A9F70DC2}.Release|Any CPU.Build.0 = Release|Any CPU
		{CA06EA32-AA41-40AC-9193-2126B1D658EB}.Debug|Any CPU.ActiveCfg = Debug|Any CPU
		{CA06EA32-AA41-40AC-9193-2126B1D658EB}.Debug|Any CPU.Build.0 = Debug|Any CPU
		{CA06EA32-AA41-40AC-9193-2126B1D658EB}.Release|Any CPU.ActiveCfg = Release|Any CPU
		{CA06EA32-AA41-40AC-9193-2126B1D658EB}.Release|Any CPU.Build.0 = Release|Any CPU
		{2F020496-0C55-4FFB-B19D-7536DE4B9545}.Debug|Any CPU.ActiveCfg = Debug|Any CPU
		{2F020496-0C55-4FFB-B19D-7536DE4B9545}.Debug|Any CPU.Build.0 = Debug|Any CPU
		{2F020496-0C55-4FFB-B19D-7536DE4B9545}.Release|Any CPU.ActiveCfg = Release|Any CPU
		{2F020496-0C55-4FFB-B19D-7536DE4B9545}.Release|Any CPU.Build.0 = Release|Any CPU
	EndGlobalSection
	GlobalSection(SolutionProperties) = preSolution
		HideSolutionNode = FALSE
	EndGlobalSection
	GlobalSection(ExtensibilityGlobals) = postSolution
		SolutionGuid = {1BAD8EF7-880A-415B-9FD3-F3566E16BC5A}
	EndGlobalSection
EndGlobal
